
Microsoft Visual Studio Solution File, Format Version 12.00
# Visual Studio 15
Project("{FAE04EC0-301F-11D3-BF4B-00C04F79EFBC}") = "RollingPlanet2D", "Assembly-CSharp-firstpass.csproj", "{ADBEA687-BF82-9D14-078B-DC6BE4A089E9}"
EndProject
Project("{FAE04EC0-301F-11D3-BF4B-00C04F79EFBC}") = "RollingPlanet2D", "Assembly-CSharp.csproj", "{165C9E3D-8679-4BBF-5D6C-140018275092}"
EndProject
Global
	GlobalSection(SolutionConfigurationPlatforms) = preSolution
		Debug|Any CPU = Debug|Any CPU
		Release|Any CPU = Release|Any CPU
	EndGlobalSection
	GlobalSection(ProjectConfigurationPlatforms) = postSolution
		{ADBEA687-BF82-9D14-078B-DC6BE4A089E9}.Debug|Any CPU.ActiveCfg = Debug|Any CPU
		{ADBEA687-BF82-9D14-078B-DC6BE4A089E9}.Debug|Any CPU.Build.0 = Debug|Any CPU
		{ADBEA687-BF82-9D14-078B-DC6BE4A089E9}.Release|Any CPU.ActiveCfg = Release|Any CPU
		{ADBEA687-BF82-9D14-078B-DC6BE4A089E9}.Release|Any CPU.Build.0 = Release|Any CPU
		{165C9E3D-8679-4BBF-5D6C-140018275092}.Debug|Any CPU.ActiveCfg = Debug|Any CPU
		{165C9E3D-8679-4BBF-5D6C-140018275092}.Debug|Any CPU.Build.0 = Debug|Any CPU
		{165C9E3D-8679-4BBF-5D6C-140018275092}.Release|Any CPU.ActiveCfg = Release|Any CPU
		{165C9E3D-8679-4BBF-5D6C-140018275092}.Release|Any CPU.Build.0 = Release|Any CPU
	EndGlobalSection
	GlobalSection(SolutionProperties) = preSolution
		HideSolutionNode = FALSE
	EndGlobalSection
EndGlobal
