
Microsoft Visual Studio Solution File, Format Version 12.00
# Visual Studio 15
Project("{FAE04EC0-301F-11D3-BF4B-00C04F79EFBC}") = "ChristmasInAugust", "Assembly-CSharp-firstpass.csproj", "{19BA5502-4F8B-8401-8950-E1F361BA8A1D}"
EndProject
Project("{FAE04EC0-301F-11D3-BF4B-00C04F79EFBC}") = "ChristmasInAugust", "Assembly-CSharp.csproj", "{6B48F851-8A6C-41FD-E73C-E2489B1F323C}"
EndProject
Global
	GlobalSection(SolutionConfigurationPlatforms) = preSolution
		Debug|Any CPU = Debug|Any CPU
		Release|Any CPU = Release|Any CPU
	EndGlobalSection
	GlobalSection(ProjectConfigurationPlatforms) = postSolution
		{19BA5502-4F8B-8401-8950-E1F361BA8A1D}.Debug|Any CPU.ActiveCfg = Debug|Any CPU
		{19BA5502-4F8B-8401-8950-E1F361BA8A1D}.Debug|Any CPU.Build.0 = Debug|Any CPU
		{19BA5502-4F8B-8401-8950-E1F361BA8A1D}.Release|Any CPU.ActiveCfg = Release|Any CPU
		{19BA5502-4F8B-8401-8950-E1F361BA8A1D}.Release|Any CPU.Build.0 = Release|Any CPU
		{6B48F851-8A6C-41FD-E73C-E2489B1F323C}.Debug|Any CPU.ActiveCfg = Debug|Any CPU
		{6B48F851-8A6C-41FD-E73C-E2489B1F323C}.Debug|Any CPU.Build.0 = Debug|Any CPU
		{6B48F851-8A6C-41FD-E73C-E2489B1F323C}.Release|Any CPU.ActiveCfg = Release|Any CPU
		{6B48F851-8A6C-41FD-E73C-E2489B1F323C}.Release|Any CPU.Build.0 = Release|Any CPU
	EndGlobalSection
	GlobalSection(SolutionProperties) = preSolution
		HideSolutionNode = FALSE
	EndGlobalSection
EndGlobal
